{
	"requires": true,
	"lockfileVersion": 1,
	"dependencies": {
		"async-limiter": {
			"version": "1.0.1",
			"resolved": "https://registry.npm.taobao.org/async-limiter/download/async-limiter-1.0.1.tgz?cache=0&sync_timestamp=1574272018408&other_urls=https%3A%2F%2Fregistry.npm.taobao.org%2Fasync-limiter%2Fdownload%2Fasync-limiter-1.0.1.tgz",
			"integrity": "sha1-3TeelPDbgxCwgpH51kwyCXZmF/0="
		},
		"ws": {
			"version": "7.2.0",
			"resolved": "https://registry.npm.taobao.org/ws/download/ws-7.2.0.tgz",
			"integrity": "sha1-Qi7ajAKktdundEumbuu9hLzvDsc=",
			"requires": {
				"async-limiter": "^1.0.0"
			}
		}
	}
}
